{
  "name": "sdl-game",
  "version": "1.0.0",
  "lockfileVersion": 2,
  "requires": true,
  "packages": {
    "": {
      "name": "sdl-game",
      "version": "1.0.0",
      "license": "ISC",
      "dependencies": {
        "native-layer": "file:../native-layer"
      }
    },
    "../native-layer": {
      "version": "1.0.0",
      "license": "ISC",
      "dependencies": {
        "node-addon-api": "^1.3.0"
      },
      "devDependencies": {
        "node-gyp": "^3.7.0"
      }
    },
    "node_modules/native-layer": {
      "resolved": "../native-layer",
      "link": true
    }
  },
  "dependencies": {
    "native-layer": {
      "version": "file:../native-layer",
      "requires": {
        "node-addon-api": "^1.3.0",
        "node-gyp": "^3.7.0"
      }
    }
  }
}
